
Microsoft Visual Studio Solution File, Format Version 12.00
# Visual Studio Version 17
VisualStudioVersion = 17.3.32901.215
MinimumVisualStudioVersion = 10.0.40219.1
Project("{FAE04EC0-301F-11D3-BF4B-00C04F79EFBC}") = "PracWinForms1", "PracWinForms1\PracWinForms1.csproj", "{D7084C03-F358-4F78-B206-2017C5FBE9FC}"
EndProject
Global
	GlobalSection(SolutionConfigurationPlatforms) = preSolution
		Debug|Any CPU = Debug|Any CPU
		Release|Any CPU = Release|Any CPU
	EndGlobalSection
	GlobalSection(ProjectConfigurationPlatforms) = postSolution
		{D7084C03-F358-4F78-B206-2017C5FBE9FC}.Debug|Any CPU.ActiveCfg = Debug|Any CPU
		{D7084C03-F358-4F78-B206-2017C5FBE9FC}.Debug|Any CPU.Build.0 = Debug|Any CPU
		{D7084C03-F358-4F78-B206-2017C5FBE9FC}.Release|Any CPU.ActiveCfg = Release|Any CPU
		{D7084C03-F358-4F78-B206-2017C5FBE9FC}.Release|Any CPU.Build.0 = Release|Any CPU
	EndGlobalSection
	GlobalSection(SolutionProperties) = preSolution
		HideSolutionNode = FALSE
	EndGlobalSection
	GlobalSection(ExtensibilityGlobals) = postSolution
		SolutionGuid = {882D422E-1262-4AA6-91D9-D5164CEBB31F}
	EndGlobalSection
EndGlobal
